{
  "name": "1.3Node.js",
  "lockfileVersion": 3,
  "requires": true,
  "packages": {
    "": {
      "dependencies": {
        "jquery": "^3.7.1",
        "json-2-csv": "^5.0.1"
      }
    },
    "node_modules/deeks": {
      "version": "3.0.2",
      "resolved": "https://registry.npmjs.org/deeks/-/deeks-3.0.2.tgz",
      "integrity": "sha512-c6OmjIygIB/avwXwEQOiODS+nw6fEX4cvOdDMqdL7dt3dicV/xykAJ9AeVc/8/JTVQDuacjRc9KCMmXafL1Y4A==",
      "engines": {
        "node": ">= 16"
      }
    },
    "node_modules/doc-path": {
      "version": "4.0.2",
      "resolved": "https://registry.npmjs.org/doc-path/-/doc-path-4.0.2.tgz",
      "integrity": "sha512-OqZEk7EM1aP3JpO+mq0pv1msEJWrzZVXu4q3YjEYJKc+Wt3/chac4KJdaGueK5IGemOwfptrLctG9I8xkb59qQ==",
      "engines": {
        "node": ">=16"
      }
    },
    "node_modules/jquery": {
      "version": "3.7.1",
      "resolved": "https://registry.npmjs.org/jquery/-/jquery-3.7.1.tgz",
      "integrity": "sha512-m4avr8yL8kmFN8psrbFFFmB/If14iN5o9nw/NgnnM+kybDJpRsAynV2BsfpTYrTRysYUdADVD7CkUUizgkpLfg=="
    },
    "node_modules/json-2-csv": {
      "version": "5.0.1",
      "resolved": "https://registry.npmjs.org/json-2-csv/-/json-2-csv-5.0.1.tgz",
      "integrity": "sha512-rP9ChyMskS0angbvFdQ43SwEe72mEvqcY1/V2OeukQWxtlreUuZWhMlTdWjtd4L6kJxq+HPFTI06yqLvZiEVIA==",
      "dependencies": {
        "deeks": "3.0.2",
        "doc-path": "4.0.2"
      },
      "engines": {
        "node": ">= 16"
      }
    }
  }
}
